// !$*UTF8*$!
{
	archiveVersion = 1;
	classes = {
	};
	objectVersion = 55;
	objects = {

/* Begin PBXBuildFile section */
		1592343C28CFF3A900A46D44 /* main.cpp in Sources */ = {isa = PBXBuildFile; fileRef = 1592343B28CFF3A900A46D44 /* main.cpp */; };
		1592344728CFF57300A46D44 /* sender.cpp in Sources */ = {isa = PBXBuildFile; fileRef = 1592344628CFF57300A46D44 /* sender.cpp */; };
		1592344C28D0034700A46D44 /* receiver.cpp in Sources */ = {isa = PBXBuildFile; fileRef = 1592344B28D0034700A46D44 /* receiver.cpp */; };
		1592344E28D0056100A46D44 /* testForLibrary.cpp in Sources */ = {isa = PBXBuildFile; fileRef = 1592344D28D0056100A46D44 /* testForLibrary.cpp */; };
		1592345128D1217E00A46D44 /* testForManualBuild.cpp in Sources */ = {isa = PBXBuildFile; fileRef = 1592345028D1217D00A46D44 /* testForManualBuild.cpp */; };
		15C40DC228D821820018B65A /* sender.cpp in Sources */ = {isa = PBXBuildFile; fileRef = 15C40DC128D821820018B65A /* sender.cpp */; };
		15C40DC428D8218E0018B65A /* reader.cpp in Sources */ = {isa = PBXBuildFile; fileRef = 15C40DC328D8218E0018B65A /* reader.cpp */; };
/* End PBXBuildFile section */

/* Begin PBXCopyFilesBuildPhase section */
		1592343628CFF3A900A46D44 /* CopyFiles */ = {
			isa = PBXCopyFilesBuildPhase;
			buildActionMask = 2147483647;
			dstPath = /usr/share/man/man1/;
			dstSubfolderSpec = 0;
			files = (
			);
			runOnlyForDeploymentPostprocessing = 1;
		};
/* End PBXCopyFilesBuildPhase section */

/* Begin PBXFileReference section */
		1592343828CFF3A900A46D44 /* IPC_MQ */ = {isa = PBXFileReference; explicitFileType = "compiled.mach-o.executable"; includeInIndex = 0; path = IPC_MQ; sourceTree = BUILT_PRODUCTS_DIR; };
		1592343B28CFF3A900A46D44 /* main.cpp */ = {isa = PBXFileReference; lastKnownFileType = sourcecode.cpp.cpp; path = main.cpp; sourceTree = "<group>"; };
		1592344528CFF43200A46D44 /* message.h */ = {isa = PBXFileReference; lastKnownFileType = sourcecode.c.h; path = message.h; sourceTree = "<group>"; };
		1592344628CFF57300A46D44 /* sender.cpp */ = {isa = PBXFileReference; lastKnownFileType = sourcecode.cpp.cpp; path = sender.cpp; sourceTree = "<group>"; };
		1592344B28D0034700A46D44 /* receiver.cpp */ = {isa = PBXFileReference; lastKnownFileType = sourcecode.cpp.cpp; path = receiver.cpp; sourceTree = "<group>"; };
		1592344D28D0056100A46D44 /* testForLibrary.cpp */ = {isa = PBXFileReference; lastKnownFileType = sourcecode.cpp.cpp; path = testForLibrary.cpp; sourceTree = "<group>"; };
		1592345028D1217D00A46D44 /* testForManualBuild.cpp */ = {isa = PBXFileReference; lastKnownFileType = sourcecode.cpp.cpp; path = testForManualBuild.cpp; sourceTree = "<group>"; };
		15C40DC128D821820018B65A /* sender.cpp */ = {isa = PBXFileReference; lastKnownFileType = sourcecode.cpp.cpp; path = sender.cpp; sourceTree = "<group>"; };
		15C40DC328D8218E0018B65A /* reader.cpp */ = {isa = PBXFileReference; lastKnownFileType = sourcecode.cpp.cpp; path = reader.cpp; sourceTree = "<group>"; };
/* End PBXFileReference section */

/* Begin PBXFrameworksBuildPhase section */
		1592343528CFF3A900A46D44 /* Frameworks */ = {
			isa = PBXFrameworksBuildPhase;
			buildActionMask = 2147483647;
			files = (
			);
			runOnlyForDeploymentPostprocessing = 0;
		};
/* End PBXFrameworksBuildPhase section */

/* Begin PBXGroup section */
		1592342F28CFF3A900A46D44 = {
			isa = PBXGroup;
			children = (
				15C40DC028D8215E0018B65A /* ShareMemory */,
				1592343A28CFF3A900A46D44 /* IPC_MQ */,
				1592343928CFF3A900A46D44 /* Products */,
			);
			sourceTree = "<group>";
		};
		1592343928CFF3A900A46D44 /* Products */ = {
			isa = PBXGroup;
			children = (
				1592343828CFF3A900A46D44 /* IPC_MQ */,
			);
			name = Products;
			sourceTree = "<group>";
		};
		1592343A28CFF3A900A46D44 /* IPC_MQ */ = {
			isa = PBXGroup;
			children = (
				1592343B28CFF3A900A46D44 /* main.cpp */,
				1592345028D1217D00A46D44 /* testForManualBuild.cpp */,
				1592344D28D0056100A46D44 /* testForLibrary.cpp */,
				1592344528CFF43200A46D44 /* message.h */,
				1592344628CFF57300A46D44 /* sender.cpp */,
				1592344B28D0034700A46D44 /* receiver.cpp */,
			);
			path = IPC_MQ;
			sourceTree = "<group>";
		};
		15C40DC028D8215E0018B65A /* ShareMemory */ = {
			isa = PBXGroup;
			children = (
				15C40DC128D821820018B65A /* sender.cpp */,
				15C40DC328D8218E0018B65A /* reader.cpp */,
			);
			path = ShareMemory;
			sourceTree = "<group>";
		};
/* End PBXGroup section */

/* Begin PBXNativeTarget section */
		1592343728CFF3A900A46D44 /* IPC_MQ */ = {
			isa = PBXNativeTarget;
			buildConfigurationList = 1592343F28CFF3A900A46D44 /* Build configuration list for PBXNativeTarget "IPC_MQ" */;
			buildPhases = (
				1592343428CFF3A900A46D44 /* Sources */,
				1592343528CFF3A900A46D44 /* Frameworks */,
				1592343628CFF3A900A46D44 /* CopyFiles */,
			);
			buildRules = (
			);
			dependencies = (
			);
			name = IPC_MQ;
			productName = IPC_MQ;
			productReference = 1592343828CFF3A900A46D44 /* IPC_MQ */;
			productType = "com.apple.product-type.tool";
		};
/* End PBXNativeTarget section */

/* Begin PBXProject section */
		1592343028CFF3A900A46D44 /* Project object */ = {
			isa = PBXProject;
			attributes = {
				BuildIndependentTargetsInParallel = 1;
				LastUpgradeCheck = 1340;
				TargetAttributes = {
					1592343728CFF3A900A46D44 = {
						CreatedOnToolsVersion = 13.4.1;
					};
				};
			};
			buildConfigurationList = 1592343328CFF3A900A46D44 /* Build configuration list for PBXProject "IPC_MQ" */;
			compatibilityVersion = "Xcode 13.0";
			developmentRegion = en;
			hasScannedForEncodings = 0;
			knownRegions = (
				en,
				Base,
			);
			mainGroup = 1592342F28CFF3A900A46D44;
			productRefGroup = 1592343928CFF3A900A46D44 /* Products */;
			projectDirPath = "";
			projectRoot = "";
			targets = (
				1592343728CFF3A900A46D44 /* IPC_MQ */,
			);
		};
/* End PBXProject section */

/* Begin PBXSourcesBuildPhase section */
		1592343428CFF3A900A46D44 /* Sources */ = {
			isa = PBXSourcesBuildPhase;
			buildActionMask = 2147483647;
			files = (
				1592344728CFF57300A46D44 /* sender.cpp in Sources */,
				1592344C28D0034700A46D44 /* receiver.cpp in Sources */,
				1592345128D1217E00A46D44 /* testForManualBuild.cpp in Sources */,
				15C40DC428D8218E0018B65A /* reader.cpp in Sources */,
				1592343C28CFF3A900A46D44 /* main.cpp in Sources */,
				15C40DC228D821820018B65A /* sender.cpp in Sources */,
				1592344E28D0056100A46D44 /* testForLibrary.cpp in Sources */,
			);
			runOnlyForDeploymentPostprocessing = 0;
		};
/* End PBXSourcesBuildPhase section */

/* Begin XCBuildConfiguration section */
		1592343D28CFF3A900A46D44 /* Debug */ = {
			isa = XCBuildConfiguration;
			buildSettings = {
				ALWAYS_SEARCH_USER_PATHS = NO;
				CLANG_ANALYZER_NONNULL = YES;
				CLANG_ANALYZER_NUMBER_OBJECT_CONVERSION = YES_AGGRESSIVE;
				CLANG_CXX_LANGUAGE_STANDARD = "gnu++17";
				CLANG_ENABLE_MODULES = YES;
				CLANG_ENABLE_OBJC_ARC = YES;
				CLANG_ENABLE_OBJC_WEAK = YES;
				CLANG_WARN_BLOCK_CAPTURE_AUTORELEASING = YES;
				CLANG_WARN_BOOL_CONVERSION = YES;
				CLANG_WARN_COMMA = YES;
				CLANG_WARN_CONSTANT_CONVERSION = YES;
				CLANG_WARN_DEPRECATED_OBJC_IMPLEMENTATIONS = YES;
				CLANG_WARN_DIRECT_OBJC_ISA_USAGE = YES_ERROR;
				CLANG_WARN_DOCUMENTATION_COMMENTS = YES;
				CLANG_WARN_EMPTY_BODY = YES;
				CLANG_WARN_ENUM_CONVERSION = YES;
				CLANG_WARN_INFINITE_RECURSION = YES;
				CLANG_WARN_INT_CONVERSION = YES;
				CLANG_WARN_NON_LITERAL_NULL_CONVERSION = YES;
				CLANG_WARN_OBJC_IMPLICIT_RETAIN_SELF = YES;
				CLANG_WARN_OBJC_LITERAL_CONVERSION = YES;
				CLANG_WARN_OBJC_ROOT_CLASS = YES_ERROR;
				CLANG_WARN_QUOTED_INCLUDE_IN_FRAMEWORK_HEADER = YES;
				CLANG_WARN_RANGE_LOOP_ANALYSIS = YES;
				CLANG_WARN_STRICT_PROTOTYPES = YES;
				CLANG_WARN_SUSPICIOUS_MOVE = YES;
				CLANG_WARN_UNGUARDED_AVAILABILITY = YES_AGGRESSIVE;
				CLANG_WARN_UNREACHABLE_CODE = YES;
				CLANG_WARN__DUPLICATE_METHOD_MATCH = YES;
				COPY_PHASE_STRIP = NO;
				DEBUG_INFORMATION_FORMAT = dwarf;
				ENABLE_STRICT_OBJC_MSGSEND = YES;
				ENABLE_TESTABILITY = YES;
				GCC_C_LANGUAGE_STANDARD = gnu11;
				GCC_DYNAMIC_NO_PIC = NO;
				GCC_NO_COMMON_BLOCKS = YES;
				GCC_OPTIMIZATION_LEVEL = 0;
				GCC_PREPROCESSOR_DEFINITIONS = (
					"DEBUG=1",
					"$(inherited)",
				);
				GCC_WARN_64_TO_32_BIT_CONVERSION = YES;
				GCC_WARN_ABOUT_RETURN_TYPE = YES_ERROR;
				GCC_WARN_UNDECLARED_SELECTOR = YES;
				GCC_WARN_UNINITIALIZED_AUTOS = YES_AGGRESSIVE;
				GCC_WARN_UNUSED_FUNCTION = YES;
				GCC_WARN_UNUSED_VARIABLE = YES;
				MACOSX_DEPLOYMENT_TARGET = 12.3;
				MTL_ENABLE_DEBUG_INFO = INCLUDE_SOURCE;
				MTL_FAST_MATH = YES;
				ONLY_ACTIVE_ARCH = YES;
				SDKROOT = macosx;
			};
			name = Debug;
		};
		1592343E28CFF3A900A46D44 /* Release */ = {
			isa = XCBuildConfiguration;
			buildSettings = {
				ALWAYS_SEARCH_USER_PATHS = NO;
				CLANG_ANALYZER_NONNULL = YES;
				CLANG_ANALYZER_NUMBER_OBJECT_CONVERSION = YES_AGGRESSIVE;
				CLANG_CXX_LANGUAGE_STANDARD = "gnu++17";
				CLANG_ENABLE_MODULES = YES;
				CLANG_ENABLE_OBJC_ARC = YES;
				CLANG_ENABLE_OBJC_WEAK = YES;
				CLANG_WARN_BLOCK_CAPTURE_AUTORELEASING = YES;
				CLANG_WARN_BOOL_CONVERSION = YES;
				CLANG_WARN_COMMA = YES;
				CLANG_WARN_CONSTANT_CONVERSION = YES;
				CLANG_WARN_DEPRECATED_OBJC_IMPLEMENTATIONS = YES;
				CLANG_WARN_DIRECT_OBJC_ISA_USAGE = YES_ERROR;
				CLANG_WARN_DOCUMENTATION_COMMENTS = YES;
				CLANG_WARN_EMPTY_BODY = YES;
				CLANG_WARN_ENUM_CONVERSION = YES;
				CLANG_WARN_INFINITE_RECURSION = YES;
				CLANG_WARN_INT_CONVERSION = YES;
				CLANG_WARN_NON_LITERAL_NULL_CONVERSION = YES;
				CLANG_WARN_OBJC_IMPLICIT_RETAIN_SELF = YES;
				CLANG_WARN_OBJC_LITERAL_CONVERSION = YES;
				CLANG_WARN_OBJC_ROOT_CLASS = YES_ERROR;
				CLANG_WARN_QUOTED_INCLUDE_IN_FRAMEWORK_HEADER = YES;
				CLANG_WARN_RANGE_LOOP_ANALYSIS = YES;
				CLANG_WARN_STRICT_PROTOTYPES = YES;
				CLANG_WARN_SUSPICIOUS_MOVE = YES;
				CLANG_WARN_UNGUARDED_AVAILABILITY = YES_AGGRESSIVE;
				CLANG_WARN_UNREACHABLE_CODE = YES;
				CLANG_WARN__DUPLICATE_METHOD_MATCH = YES;
				COPY_PHASE_STRIP = NO;
				DEBUG_INFORMATION_FORMAT = "dwarf-with-dsym";
				ENABLE_NS_ASSERTIONS = NO;
				ENABLE_STRICT_OBJC_MSGSEND = YES;
				GCC_C_LANGUAGE_STANDARD = gnu11;
				GCC_NO_COMMON_BLOCKS = YES;
				GCC_WARN_64_TO_32_BIT_CONVERSION = YES;
				GCC_WARN_ABOUT_RETURN_TYPE = YES_ERROR;
				GCC_WARN_UNDECLARED_SELECTOR = YES;
				GCC_WARN_UNINITIALIZED_AUTOS = YES_AGGRESSIVE;
				GCC_WARN_UNUSED_FUNCTION = YES;
				GCC_WARN_UNUSED_VARIABLE = YES;
				MACOSX_DEPLOYMENT_TARGET = 12.3;
				MTL_ENABLE_DEBUG_INFO = NO;
				MTL_FAST_MATH = YES;
				SDKROOT = macosx;
			};
			name = Release;
		};
		1592344028CFF3A900A46D44 /* Debug */ = {
			isa = XCBuildConfiguration;
			buildSettings = {
				CODE_SIGN_STYLE = Automatic;
				DEVELOPMENT_TEAM = NRBPUFHMB6;
				ENABLE_HARDENED_RUNTIME = YES;
				PRODUCT_NAME = "$(TARGET_NAME)";
			};
			name = Debug;
		};
		1592344128CFF3A900A46D44 /* Release */ = {
			isa = XCBuildConfiguration;
			buildSettings = {
				CODE_SIGN_STYLE = Automatic;
				DEVELOPMENT_TEAM = NRBPUFHMB6;
				ENABLE_HARDENED_RUNTIME = YES;
				PRODUCT_NAME = "$(TARGET_NAME)";
			};
			name = Release;
		};
/* End XCBuildConfiguration section */

/* Begin XCConfigurationList section */
		1592343328CFF3A900A46D44 /* Build configuration list for PBXProject "IPC_MQ" */ = {
			isa = XCConfigurationList;
			buildConfigurations = (
				1592343D28CFF3A900A46D44 /* Debug */,
				1592343E28CFF3A900A46D44 /* Release */,
			);
			defaultConfigurationIsVisible = 0;
			defaultConfigurationName = Release;
		};
		1592343F28CFF3A900A46D44 /* Build configuration list for PBXNativeTarget "IPC_MQ" */ = {
			isa = XCConfigurationList;
			buildConfigurations = (
				1592344028CFF3A900A46D44 /* Debug */,
				1592344128CFF3A900A46D44 /* Release */,
			);
			defaultConfigurationIsVisible = 0;
			defaultConfigurationName = Release;
		};
/* End XCConfigurationList section */
	};
	rootObject = 1592343028CFF3A900A46D44 /* Project object */;
}
